// !$*UTF8*$!
{
	archiveVersion = 1;
	classes = {
	};
	objectVersion = 50;
	objects = {

/* Begin PBXBuildFile section */
		B196AE7823325F78007196AE /* GetStarted.swift in Sources */ = {isa = PBXBuildFile; fileRef = B196AE7323325F78007196AE /* GetStarted.swift */; };
		B196AE7923325F78007196AE /* OnboardingController.swift in Sources */ = {isa = PBXBuildFile; fileRef = B196AE7423325F78007196AE /* OnboardingController.swift */; };
		B196AE7A23325F78007196AE /* OnBoarding.storyboard in Resources */ = {isa = PBXBuildFile; fileRef = B196AE7523325F78007196AE /* OnBoarding.storyboard */; };
		B196AE7B23325F78007196AE /* Slide.swift in Sources */ = {isa = PBXBuildFile; fileRef = B196AE7623325F78007196AE /* Slide.swift */; };
		B196AE7C23325F78007196AE /* Slide.xib in Resources */ = {isa = PBXBuildFile; fileRef = B196AE7723325F78007196AE /* Slide.xib */; };
		B196AE7E23328C4B007196AE /* buttonPageViewController.swift in Sources */ = {isa = PBXBuildFile; fileRef = B196AE7D23328C4B007196AE /* buttonPageViewController.swift */; };
		B196AE802333692B007196AE /* Geotification.swift in Sources */ = {isa = PBXBuildFile; fileRef = B196AE7F2333692B007196AE /* Geotification.swift */; };
		B196AE8223336BEF007196AE /* AddGeotificationViewController.swift in Sources */ = {isa = PBXBuildFile; fileRef = B196AE8123336BEF007196AE /* AddGeotificationViewController.swift */; };
		B196AE8423336C89007196AE /* Utilities.swift in Sources */ = {isa = PBXBuildFile; fileRef = B196AE8323336C89007196AE /* Utilities.swift */; };
		B196AE8923336FA3007196AE /* Apple.gpx in Resources */ = {isa = PBXBuildFile; fileRef = B196AE8623336FA3007196AE /* Apple.gpx */; };
		B196AE8A23336FA3007196AE /* SimulatedLocations.gpx in Resources */ = {isa = PBXBuildFile; fileRef = B196AE8723336FA3007196AE /* SimulatedLocations.gpx */; };
		B196AE8B23336FA3007196AE /* Google.gpx in Resources */ = {isa = PBXBuildFile; fileRef = B196AE8823336FA3007196AE /* Google.gpx */; };
		B196AE8F2334BD73007196AE /* Assets.xcassets in Resources */ = {isa = PBXBuildFile; fileRef = B196AE8E2334BD72007196AE /* Assets.xcassets */; };
		B1B90360233212F400D28236 /* AppDelegate.swift in Sources */ = {isa = PBXBuildFile; fileRef = B1B9035F233212F400D28236 /* AppDelegate.swift */; };
		B1B90362233212F400D28236 /* ViewController.swift in Sources */ = {isa = PBXBuildFile; fileRef = B1B90361233212F400D28236 /* ViewController.swift */; };
		B1B90365233212F400D28236 /* Main.storyboard in Resources */ = {isa = PBXBuildFile; fileRef = B1B90363233212F400D28236 /* Main.storyboard */; };
		B1B9036A233212F500D28236 /* LaunchScreen.storyboard in Resources */ = {isa = PBXBuildFile; fileRef = B1B90368233212F500D28236 /* LaunchScreen.storyboard */; };
		B1B90375233212F500D28236 /* NanoChallenge2Tests.swift in Sources */ = {isa = PBXBuildFile; fileRef = B1B90374233212F500D28236 /* NanoChallenge2Tests.swift */; };
		B1B90380233212F500D28236 /* NanoChallenge2UITests.swift in Sources */ = {isa = PBXBuildFile; fileRef = B1B9037F233212F500D28236 /* NanoChallenge2UITests.swift */; };
/* End PBXBuildFile section */

/* Begin PBXContainerItemProxy section */
		B1B90371233212F500D28236 /* PBXContainerItemProxy */ = {
			isa = PBXContainerItemProxy;
			containerPortal = B1B90354233212F400D28236 /* Project object */;
			proxyType = 1;
			remoteGlobalIDString = B1B9035B233212F400D28236;
			remoteInfo = NanoChallenge2;
		};
		B1B9037C233212F500D28236 /* PBXContainerItemProxy */ = {
			isa = PBXContainerItemProxy;
			containerPortal = B1B90354233212F400D28236 /* Project object */;
			proxyType = 1;
			remoteGlobalIDString = B1B9035B233212F400D28236;
			remoteInfo = NanoChallenge2;
		};
/* End PBXContainerItemProxy section */

/* Begin PBXFileReference section */
		B196AE7323325F78007196AE /* GetStarted.swift */ = {isa = PBXFileReference; fileEncoding = 4; lastKnownFileType = sourcecode.swift; path = GetStarted.swift; sourceTree = "<group>"; };
		B196AE7423325F78007196AE /* OnboardingController.swift */ = {isa = PBXFileReference; fileEncoding = 4; lastKnownFileType = sourcecode.swift; path = OnboardingController.swift; sourceTree = "<group>"; };
		B196AE7523325F78007196AE /* OnBoarding.storyboard */ = {isa = PBXFileReference; fileEncoding = 4; lastKnownFileType = file.storyboard; path = OnBoarding.storyboard; sourceTree = "<group>"; };
		B196AE7623325F78007196AE /* Slide.swift */ = {isa = PBXFileReference; fileEncoding = 4; lastKnownFileType = sourcecode.swift; path = Slide.swift; sourceTree = "<group>"; };
		B196AE7723325F78007196AE /* Slide.xib */ = {isa = PBXFileReference; fileEncoding = 4; lastKnownFileType = file.xib; path = Slide.xib; sourceTree = "<group>"; };
		B196AE7D23328C4B007196AE /* buttonPageViewController.swift */ = {isa = PBXFileReference; lastKnownFileType = sourcecode.swift; path = buttonPageViewController.swift; sourceTree = "<group>"; };
		B196AE7F2333692B007196AE /* Geotification.swift */ = {isa = PBXFileReference; fileEncoding = 4; lastKnownFileType = sourcecode.swift; path = Geotification.swift; sourceTree = "<group>"; };
		B196AE8123336BEF007196AE /* AddGeotificationViewController.swift */ = {isa = PBXFileReference; fileEncoding = 4; lastKnownFileType = sourcecode.swift; path = AddGeotificationViewController.swift; sourceTree = "<group>"; };
		B196AE8323336C89007196AE /* Utilities.swift */ = {isa = PBXFileReference; fileEncoding = 4; lastKnownFileType = sourcecode.swift; path = Utilities.swift; sourceTree = "<group>"; };
		B196AE8623336FA3007196AE /* Apple.gpx */ = {isa = PBXFileReference; fileEncoding = 4; lastKnownFileType = text.xml; path = Apple.gpx; sourceTree = "<group>"; };
		B196AE8723336FA3007196AE /* SimulatedLocations.gpx */ = {isa = PBXFileReference; fileEncoding = 4; lastKnownFileType = text.xml; path = SimulatedLocations.gpx; sourceTree = "<group>"; };
		B196AE8823336FA3007196AE /* Google.gpx */ = {isa = PBXFileReference; fileEncoding = 4; lastKnownFileType = text.xml; path = Google.gpx; sourceTree = "<group>"; };
		B196AE8E2334BD72007196AE /* Assets.xcassets */ = {isa = PBXFileReference; lastKnownFileType = folder.assetcatalog; path = Assets.xcassets; sourceTree = "<group>"; };
		B1B9035C233212F400D28236 /* NanoChallenge2.app */ = {isa = PBXFileReference; explicitFileType = wrapper.application; includeInIndex = 0; path = NanoChallenge2.app; sourceTree = BUILT_PRODUCTS_DIR; };
		B1B9035F233212F400D28236 /* AppDelegate.swift */ = {isa = PBXFileReference; lastKnownFileType = sourcecode.swift; path = AppDelegate.swift; sourceTree = "<group>"; };
		B1B90361233212F400D28236 /* ViewController.swift */ = {isa = PBXFileReference; lastKnownFileType = sourcecode.swift; path = ViewController.swift; sourceTree = "<group>"; };
		B1B90364233212F400D28236 /* Base */ = {isa = PBXFileReference; lastKnownFileType = file.storyboard; name = Base; path = Base.lproj/Main.storyboard; sourceTree = "<group>"; };
		B1B90369233212F500D28236 /* Base */ = {isa = PBXFileReference; lastKnownFileType = file.storyboard; name = Base; path = Base.lproj/LaunchScreen.storyboard; sourceTree = "<group>"; };
		B1B9036B233212F500D28236 /* Info.plist */ = {isa = PBXFileReference; lastKnownFileType = text.plist.xml; path = Info.plist; sourceTree = "<group>"; };
		B1B90370233212F500D28236 /* NanoChallenge2Tests.xctest */ = {isa = PBXFileReference; explicitFileType = wrapper.cfbundle; includeInIndex = 0; path = NanoChallenge2Tests.xctest; sourceTree = BUILT_PRODUCTS_DIR; };
		B1B90374233212F500D28236 /* NanoChallenge2Tests.swift */ = {isa = PBXFileReference; lastKnownFileType = sourcecode.swift; path = NanoChallenge2Tests.swift; sourceTree = "<group>"; };
		B1B90376233212F500D28236 /* Info.plist */ = {isa = PBXFileReference; lastKnownFileType = text.plist.xml; path = Info.plist; sourceTree = "<group>"; };
		B1B9037B233212F500D28236 /* NanoChallenge2UITests.xctest */ = {isa = PBXFileReference; explicitFileType = wrapper.cfbundle; includeInIndex = 0; path = NanoChallenge2UITests.xctest; sourceTree = BUILT_PRODUCTS_DIR; };
		B1B9037F233212F500D28236 /* NanoChallenge2UITests.swift */ = {isa = PBXFileReference; lastKnownFileType = sourcecode.swift; path = NanoChallenge2UITests.swift; sourceTree = "<group>"; };
		B1B90381233212F500D28236 /* Info.plist */ = {isa = PBXFileReference; lastKnownFileType = text.plist.xml; path = Info.plist; sourceTree = "<group>"; };
/* End PBXFileReference section */

/* Begin PBXFrameworksBuildPhase section */
		B1B90359233212F400D28236 /* Frameworks */ = {
			isa = PBXFrameworksBuildPhase;
			buildActionMask = 2147483647;
			files = (
			);
			runOnlyForDeploymentPostprocessing = 0;
		};
		B1B9036D233212F500D28236 /* Frameworks */ = {
			isa = PBXFrameworksBuildPhase;
			buildActionMask = 2147483647;
			files = (
			);
			runOnlyForDeploymentPostprocessing = 0;
		};
		B1B90378233212F500D28236 /* Frameworks */ = {
			isa = PBXFrameworksBuildPhase;
			buildActionMask = 2147483647;
			files = (
			);
			runOnlyForDeploymentPostprocessing = 0;
		};
/* End PBXFrameworksBuildPhase section */

/* Begin PBXGroup section */
		B196AE7223325F78007196AE /* OnBoarding */ = {
			isa = PBXGroup;
			children = (
				B196AE7323325F78007196AE /* GetStarted.swift */,
				B196AE7423325F78007196AE /* OnboardingController.swift */,
				B196AE7523325F78007196AE /* OnBoarding.storyboard */,
				B196AE7623325F78007196AE /* Slide.swift */,
				B196AE7723325F78007196AE /* Slide.xib */,
			);
			path = OnBoarding;
			sourceTree = "<group>";
		};
		B196AE8523336F7D007196AE /* Supporting Files */ = {
			isa = PBXGroup;
			children = (
				B196AE8623336FA3007196AE /* Apple.gpx */,
				B196AE8823336FA3007196AE /* Google.gpx */,
				B196AE8723336FA3007196AE /* SimulatedLocations.gpx */,
			);
			path = "Supporting Files";
			sourceTree = "<group>";
		};
		B1B90353233212F400D28236 = {
			isa = PBXGroup;
			children = (
				B196AE7223325F78007196AE /* OnBoarding */,
				B1B9035E233212F400D28236 /* NanoChallenge2 */,
				B1B90373233212F500D28236 /* NanoChallenge2Tests */,
				B1B9037E233212F500D28236 /* NanoChallenge2UITests */,
				B1B9035D233212F400D28236 /* Products */,
			);
			sourceTree = "<group>";
		};
		B1B9035D233212F400D28236 /* Products */ = {
			isa = PBXGroup;
			children = (
				B1B9035C233212F400D28236 /* NanoChallenge2.app */,
				B1B90370233212F500D28236 /* NanoChallenge2Tests.xctest */,
				B1B9037B233212F500D28236 /* NanoChallenge2UITests.xctest */,
			);
			name = Products;
			sourceTree = "<group>";
		};
		B1B9035E233212F400D28236 /* NanoChallenge2 */ = {
			isa = PBXGroup;
			children = (
				B196AE8E2334BD72007196AE /* Assets.xcassets */,
				B196AE8323336C89007196AE /* Utilities.swift */,
				B196AE8123336BEF007196AE /* AddGeotificationViewController.swift */,
				B196AE7F2333692B007196AE /* Geotification.swift */,
				B1B9035F233212F400D28236 /* AppDelegate.swift */,
				B1B90361233212F400D28236 /* ViewController.swift */,
				B1B90363233212F400D28236 /* Main.storyboard */,
				B1B90368233212F500D28236 /* LaunchScreen.storyboard */,
				B1B9036B233212F500D28236 /* Info.plist */,
				B196AE8523336F7D007196AE /* Supporting Files */,
				B196AE7D23328C4B007196AE /* buttonPageViewController.swift */,
			);
			path = NanoChallenge2;
			sourceTree = "<group>";
		};
		B1B90373233212F500D28236 /* NanoChallenge2Tests */ = {
			isa = PBXGroup;
			children = (
				B1B90374233212F500D28236 /* NanoChallenge2Tests.swift */,
				B1B90376233212F500D28236 /* Info.plist */,
			);
			path = NanoChallenge2Tests;
			sourceTree = "<group>";
		};
		B1B9037E233212F500D28236 /* NanoChallenge2UITests */ = {
			isa = PBXGroup;
			children = (
				B1B9037F233212F500D28236 /* NanoChallenge2UITests.swift */,
				B1B90381233212F500D28236 /* Info.plist */,
			);
			path = NanoChallenge2UITests;
			sourceTree = "<group>";
		};
/* End PBXGroup section */

/* Begin PBXNativeTarget section */
		B1B9035B233212F400D28236 /* NanoChallenge2 */ = {
			isa = PBXNativeTarget;
			buildConfigurationList = B1B90384233212F500D28236 /* Build configuration list for PBXNativeTarget "NanoChallenge2" */;
			buildPhases = (
				B1B90358233212F400D28236 /* Sources */,
				B1B90359233212F400D28236 /* Frameworks */,
				B1B9035A233212F400D28236 /* Resources */,
			);
			buildRules = (
			);
			dependencies = (
			);
			name = NanoChallenge2;
			productName = NanoChallenge2;
			productReference = B1B9035C233212F400D28236 /* NanoChallenge2.app */;
			productType = "com.apple.product-type.application";
		};
		B1B9036F233212F500D28236 /* NanoChallenge2Tests */ = {
			isa = PBXNativeTarget;
			buildConfigurationList = B1B90387233212F500D28236 /* Build configuration list for PBXNativeTarget "NanoChallenge2Tests" */;
			buildPhases = (
				B1B9036C233212F500D28236 /* Sources */,
				B1B9036D233212F500D28236 /* Frameworks */,
				B1B9036E233212F500D28236 /* Resources */,
			);
			buildRules = (
			);
			dependencies = (
				B1B90372233212F500D28236 /* PBXTargetDependency */,
			);
			name = NanoChallenge2Tests;
			productName = NanoChallenge2Tests;
			productReference = B1B90370233212F500D28236 /* NanoChallenge2Tests.xctest */;
			productType = "com.apple.product-type.bundle.unit-test";
		};
		B1B9037A233212F500D28236 /* NanoChallenge2UITests */ = {
			isa = PBXNativeTarget;
			buildConfigurationList = B1B9038A233212F500D28236 /* Build configuration list for PBXNativeTarget "NanoChallenge2UITests" */;
			buildPhases = (
				B1B90377233212F500D28236 /* Sources */,
				B1B90378233212F500D28236 /* Frameworks */,
				B1B90379233212F500D28236 /* Resources */,
			);
			buildRules = (
			);
			dependencies = (
				B1B9037D233212F500D28236 /* PBXTargetDependency */,
			);
			name = NanoChallenge2UITests;
			productName = NanoChallenge2UITests;
			productReference = B1B9037B233212F500D28236 /* NanoChallenge2UITests.xctest */;
			productType = "com.apple.product-type.bundle.ui-testing";
		};
/* End PBXNativeTarget section */

/* Begin PBXProject section */
		B1B90354233212F400D28236 /* Project object */ = {
			isa = PBXProject;
			attributes = {
				LastSwiftUpdateCheck = 1030;
				LastUpgradeCheck = 1030;
				ORGANIZATIONNAME = "Michael Louis";
				TargetAttributes = {
					B1B9035B233212F400D28236 = {
						CreatedOnToolsVersion = 10.3;
					};
					B1B9036F233212F500D28236 = {
						CreatedOnToolsVersion = 10.3;
						TestTargetID = B1B9035B233212F400D28236;
					};
					B1B9037A233212F500D28236 = {
						CreatedOnToolsVersion = 10.3;
						TestTargetID = B1B9035B233212F400D28236;
					};
				};
			};
			buildConfigurationList = B1B90357233212F400D28236 /* Build configuration list for PBXProject "NanoChallenge2" */;
			compatibilityVersion = "Xcode 9.3";
			developmentRegion = en;
			hasScannedForEncodings = 0;
			knownRegions = (
				en,
				Base,
			);
			mainGroup = B1B90353233212F400D28236;
			productRefGroup = B1B9035D233212F400D28236 /* Products */;
			projectDirPath = "";
			projectRoot = "";
			targets = (
				B1B9035B233212F400D28236 /* NanoChallenge2 */,
				B1B9036F233212F500D28236 /* NanoChallenge2Tests */,
				B1B9037A233212F500D28236 /* NanoChallenge2UITests */,
			);
		};
/* End PBXProject section */

/* Begin PBXResourcesBuildPhase section */
		B1B9035A233212F400D28236 /* Resources */ = {
			isa = PBXResourcesBuildPhase;
			buildActionMask = 2147483647;
			files = (
				B196AE8923336FA3007196AE /* Apple.gpx in Resources */,
				B196AE8A23336FA3007196AE /* SimulatedLocations.gpx in Resources */,
				B196AE7C23325F78007196AE /* Slide.xib in Resources */,
				B1B9036A233212F500D28236 /* LaunchScreen.storyboard in Resources */,
				B196AE8B23336FA3007196AE /* Google.gpx in Resources */,
				B1B90365233212F400D28236 /* Main.storyboard in Resources */,
				B196AE8F2334BD73007196AE /* Assets.xcassets in Resources */,
				B196AE7A23325F78007196AE /* OnBoarding.storyboard in Resources */,
			);
			runOnlyForDeploymentPostprocessing = 0;
		};
		B1B9036E233212F500D28236 /* Resources */ = {
			isa = PBXResourcesBuildPhase;
			buildActionMask = 2147483647;
			files = (
			);
			runOnlyForDeploymentPostprocessing = 0;
		};
		B1B90379233212F500D28236 /* Resources */ = {
			isa = PBXResourcesBuildPhase;
			buildActionMask = 2147483647;
			files = (
			);
			runOnlyForDeploymentPostprocessing = 0;
		};
/* End PBXResourcesBuildPhase section */

/* Begin PBXSourcesBuildPhase section */
		B1B90358233212F400D28236 /* Sources */ = {
			isa = PBXSourcesBuildPhase;
			buildActionMask = 2147483647;
			files = (
				B196AE7923325F78007196AE /* OnboardingController.swift in Sources */,
				B196AE7E23328C4B007196AE /* buttonPageViewController.swift in Sources */,
				B196AE7823325F78007196AE /* GetStarted.swift in Sources */,
				B196AE802333692B007196AE /* Geotification.swift in Sources */,
				B196AE8223336BEF007196AE /* AddGeotificationViewController.swift in Sources */,
				B1B90362233212F400D28236 /* ViewController.swift in Sources */,
				B196AE8423336C89007196AE /* Utilities.swift in Sources */,
				B1B90360233212F400D28236 /* AppDelegate.swift in Sources */,
				B196AE7B23325F78007196AE /* Slide.swift in Sources */,
			);
			runOnlyForDeploymentPostprocessing = 0;
		};
		B1B9036C233212F500D28236 /* Sources */ = {
			isa = PBXSourcesBuildPhase;
			buildActionMask = 2147483647;
			files = (
				B1B90375233212F500D28236 /* NanoChallenge2Tests.swift in Sources */,
			);
			runOnlyForDeploymentPostprocessing = 0;
		};
		B1B90377233212F500D28236 /* Sources */ = {
			isa = PBXSourcesBuildPhase;
			buildActionMask = 2147483647;
			files = (
				B1B90380233212F500D28236 /* NanoChallenge2UITests.swift in Sources */,
			);
			runOnlyForDeploymentPostprocessing = 0;
		};
/* End PBXSourcesBuildPhase section */

/* Begin PBXTargetDependency section */
		B1B90372233212F500D28236 /* PBXTargetDependency */ = {
			isa = PBXTargetDependency;
			target = B1B9035B233212F400D28236 /* NanoChallenge2 */;
			targetProxy = B1B90371233212F500D28236 /* PBXContainerItemProxy */;
		};
		B1B9037D233212F500D28236 /* PBXTargetDependency */ = {
			isa = PBXTargetDependency;
			target = B1B9035B233212F400D28236 /* NanoChallenge2 */;
			targetProxy = B1B9037C233212F500D28236 /* PBXContainerItemProxy */;
		};
/* End PBXTargetDependency section */

/* Begin PBXVariantGroup section */
		B1B90363233212F400D28236 /* Main.storyboard */ = {
			isa = PBXVariantGroup;
			children = (
				B1B90364233212F400D28236 /* Base */,
			);
			name = Main.storyboard;
			sourceTree = "<group>";
		};
		B1B90368233212F500D28236 /* LaunchScreen.storyboard */ = {
			isa = PBXVariantGroup;
			children = (
				B1B90369233212F500D28236 /* Base */,
			);
			name = LaunchScreen.storyboard;
			sourceTree = "<group>";
		};
/* End PBXVariantGroup section */

/* Begin XCBuildConfiguration section */
		B1B90382233212F500D28236 /* Debug */ = {
			isa = XCBuildConfiguration;
			buildSettings = {
				ALWAYS_SEARCH_USER_PATHS = NO;
				CLANG_ANALYZER_NONNULL = YES;
				CLANG_ANALYZER_NUMBER_OBJECT_CONVERSION = YES_AGGRESSIVE;
				CLANG_CXX_LANGUAGE_STANDARD = "gnu++14";
				CLANG_CXX_LIBRARY = "libc++";
				CLANG_ENABLE_MODULES = YES;
				CLANG_ENABLE_OBJC_ARC = YES;
				CLANG_ENABLE_OBJC_WEAK = YES;
				CLANG_WARN_BLOCK_CAPTURE_AUTORELEASING = YES;
				CLANG_WARN_BOOL_CONVERSION = YES;
				CLANG_WARN_COMMA = YES;
				CLANG_WARN_CONSTANT_CONVERSION = YES;
				CLANG_WARN_DEPRECATED_OBJC_IMPLEMENTATIONS = YES;
				CLANG_WARN_DIRECT_OBJC_ISA_USAGE = YES_ERROR;
				CLANG_WARN_DOCUMENTATION_COMMENTS = YES;
				CLANG_WARN_EMPTY_BODY = YES;
				CLANG_WARN_ENUM_CONVERSION = YES;
				CLANG_WARN_INFINITE_RECURSION = YES;
				CLANG_WARN_INT_CONVERSION = YES;
				CLANG_WARN_NON_LITERAL_NULL_CONVERSION = YES;
				CLANG_WARN_OBJC_IMPLICIT_RETAIN_SELF = YES;
				CLANG_WARN_OBJC_LITERAL_CONVERSION = YES;
				CLANG_WARN_OBJC_ROOT_CLASS = YES_ERROR;
				CLANG_WARN_RANGE_LOOP_ANALYSIS = YES;
				CLANG_WARN_STRICT_PROTOTYPES = YES;
				CLANG_WARN_SUSPICIOUS_MOVE = YES;
				CLANG_WARN_UNGUARDED_AVAILABILITY = YES_AGGRESSIVE;
				CLANG_WARN_UNREACHABLE_CODE = YES;
				CLANG_WARN__DUPLICATE_METHOD_MATCH = YES;
				CODE_SIGN_IDENTITY = "iPhone Developer";
				COPY_PHASE_STRIP = NO;
				DEBUG_INFORMATION_FORMAT = dwarf;
				ENABLE_STRICT_OBJC_MSGSEND = YES;
				ENABLE_TESTABILITY = YES;
				GCC_C_LANGUAGE_STANDARD = gnu11;
				GCC_DYNAMIC_NO_PIC = NO;
				GCC_NO_COMMON_BLOCKS = YES;
				GCC_OPTIMIZATION_LEVEL = 0;
				GCC_PREPROCESSOR_DEFINITIONS = (
					"DEBUG=1",
					"$(inherited)",
				);
				GCC_WARN_64_TO_32_BIT_CONVERSION = YES;
				GCC_WARN_ABOUT_RETURN_TYPE = YES_ERROR;
				GCC_WARN_UNDECLARED_SELECTOR = YES;
				GCC_WARN_UNINITIALIZED_AUTOS = YES_AGGRESSIVE;
				GCC_WARN_UNUSED_FUNCTION = YES;
				GCC_WARN_UNUSED_VARIABLE = YES;
				IPHONEOS_DEPLOYMENT_TARGET = 12.4;
				MTL_ENABLE_DEBUG_INFO = INCLUDE_SOURCE;
				MTL_FAST_MATH = YES;
				ONLY_ACTIVE_ARCH = YES;
				SDKROOT = iphoneos;
				SWIFT_ACTIVE_COMPILATION_CONDITIONS = DEBUG;
				SWIFT_OPTIMIZATION_LEVEL = "-Onone";
			};
			name = Debug;
		};
		B1B90383233212F500D28236 /* Release */ = {
			isa = XCBuildConfiguration;
			buildSettings = {
				ALWAYS_SEARCH_USER_PATHS = NO;
				CLANG_ANALYZER_NONNULL = YES;
				CLANG_ANALYZER_NUMBER_OBJECT_CONVERSION = YES_AGGRESSIVE;
				CLANG_CXX_LANGUAGE_STANDARD = "gnu++14";
				CLANG_CXX_LIBRARY = "libc++";
				CLANG_ENABLE_MODULES = YES;
				CLANG_ENABLE_OBJC_ARC = YES;
				CLANG_ENABLE_OBJC_WEAK = YES;
				CLANG_WARN_BLOCK_CAPTURE_AUTORELEASING = YES;
				CLANG_WARN_BOOL_CONVERSION = YES;
				CLANG_WARN_COMMA = YES;
				CLANG_WARN_CONSTANT_CONVERSION = YES;
				CLANG_WARN_DEPRECATED_OBJC_IMPLEMENTATIONS = YES;
				CLANG_WARN_DIRECT_OBJC_ISA_USAGE = YES_ERROR;
				CLANG_WARN_DOCUMENTATION_COMMENTS = YES;
				CLANG_WARN_EMPTY_BODY = YES;
				CLANG_WARN_ENUM_CONVERSION = YES;
				CLANG_WARN_INFINITE_RECURSION = YES;
				CLANG_WARN_INT_CONVERSION = YES;
				CLANG_WARN_NON_LITERAL_NULL_CONVERSION = YES;
				CLANG_WARN_OBJC_IMPLICIT_RETAIN_SELF = YES;
				CLANG_WARN_OBJC_LITERAL_CONVERSION = YES;
				CLANG_WARN_OBJC_ROOT_CLASS = YES_ERROR;
				CLANG_WARN_RANGE_LOOP_ANALYSIS = YES;
				CLANG_WARN_STRICT_PROTOTYPES = YES;
				CLANG_WARN_SUSPICIOUS_MOVE = YES;
				CLANG_WARN_UNGUARDED_AVAILABILITY = YES_AGGRESSIVE;
				CLANG_WARN_UNREACHABLE_CODE = YES;
				CLANG_WARN__DUPLICATE_METHOD_MATCH = YES;
				CODE_SIGN_IDENTITY = "iPhone Developer";
				COPY_PHASE_STRIP = NO;
				DEBUG_INFORMATION_FORMAT = "dwarf-with-dsym";
				ENABLE_NS_ASSERTIONS = NO;
				ENABLE_STRICT_OBJC_MSGSEND = YES;
				GCC_C_LANGUAGE_STANDARD = gnu11;
				GCC_NO_COMMON_BLOCKS = YES;
				GCC_WARN_64_TO_32_BIT_CONVERSION = YES;
				GCC_WARN_ABOUT_RETURN_TYPE = YES_ERROR;
				GCC_WARN_UNDECLARED_SELECTOR = YES;
				GCC_WARN_UNINITIALIZED_AUTOS = YES_AGGRESSIVE;
				GCC_WARN_UNUSED_FUNCTION = YES;
				GCC_WARN_UNUSED_VARIABLE = YES;
				IPHONEOS_DEPLOYMENT_TARGET = 12.4;
				MTL_ENABLE_DEBUG_INFO = NO;
				MTL_FAST_MATH = YES;
				SDKROOT = iphoneos;
				SWIFT_COMPILATION_MODE = wholemodule;
				SWIFT_OPTIMIZATION_LEVEL = "-O";
				VALIDATE_PRODUCT = YES;
			};
			name = Release;
		};
		B1B90385233212F500D28236 /* Debug */ = {
			isa = XCBuildConfiguration;
			buildSettings = {
				ASSETCATALOG_COMPILER_APPICON_NAME = AppIcon;
				CODE_SIGN_STYLE = Automatic;
				DEVELOPMENT_TEAM = 8U4NGP5AAN;
				INFOPLIST_FILE = NanoChallenge2/Info.plist;
				IPHONEOS_DEPLOYMENT_TARGET = 12.3;
				LD_RUNPATH_SEARCH_PATHS = (
					"$(inherited)",
					"@executable_path/Frameworks",
				);
				PRODUCT_BUNDLE_IDENTIFIER = "Apple-Developer-Academy.NanoChallenge2";
				PRODUCT_NAME = "$(TARGET_NAME)";
				SWIFT_VERSION = 5.0;
				TARGETED_DEVICE_FAMILY = "1,2";
			};
			name = Debug;
		};
		B1B90386233212F500D28236 /* Release */ = {
			isa = XCBuildConfiguration;
			buildSettings = {
				ASSETCATALOG_COMPILER_APPICON_NAME = AppIcon;
				CODE_SIGN_STYLE = Automatic;
				DEVELOPMENT_TEAM = 8U4NGP5AAN;
				INFOPLIST_FILE = NanoChallenge2/Info.plist;
				IPHONEOS_DEPLOYMENT_TARGET = 12.3;
				LD_RUNPATH_SEARCH_PATHS = (
					"$(inherited)",
					"@executable_path/Frameworks",
				);
				PRODUCT_BUNDLE_IDENTIFIER = "Apple-Developer-Academy.NanoChallenge2";
				PRODUCT_NAME = "$(TARGET_NAME)";
				SWIFT_VERSION = 5.0;
				TARGETED_DEVICE_FAMILY = "1,2";
			};
			name = Release;
		};
		B1B90388233212F500D28236 /* Debug */ = {
			isa = XCBuildConfiguration;
			buildSettings = {
				ALWAYS_EMBED_SWIFT_STANDARD_LIBRARIES = YES;
				BUNDLE_LOADER = "$(TEST_HOST)";
				CODE_SIGN_STYLE = Automatic;
				DEVELOPMENT_TEAM = 8U4NGP5AAN;
				INFOPLIST_FILE = NanoChallenge2Tests/Info.plist;
				LD_RUNPATH_SEARCH_PATHS = (
					"$(inherited)",
					"@executable_path/Frameworks",
					"@loader_path/Frameworks",
				);
				PRODUCT_BUNDLE_IDENTIFIER = "Apple-Developer-Academy.NanoChallenge2Tests";
				PRODUCT_NAME = "$(TARGET_NAME)";
				SWIFT_VERSION = 5.0;
				TARGETED_DEVICE_FAMILY = "1,2";
				TEST_HOST = "$(BUILT_PRODUCTS_DIR)/NanoChallenge2.app/NanoChallenge2";
			};
			name = Debug;
		};
		B1B90389233212F500D28236 /* Release */ = {
			isa = XCBuildConfiguration;
			buildSettings = {
				ALWAYS_EMBED_SWIFT_STANDARD_LIBRARIES = YES;
				BUNDLE_LOADER = "$(TEST_HOST)";
				CODE_SIGN_STYLE = Automatic;
				DEVELOPMENT_TEAM = 8U4NGP5AAN;
				INFOPLIST_FILE = NanoChallenge2Tests/Info.plist;
				LD_RUNPATH_SEARCH_PATHS = (
					"$(inherited)",
					"@executable_path/Frameworks",
					"@loader_path/Frameworks",
				);
				PRODUCT_BUNDLE_IDENTIFIER = "Apple-Developer-Academy.NanoChallenge2Tests";
				PRODUCT_NAME = "$(TARGET_NAME)";
				SWIFT_VERSION = 5.0;
				TARGETED_DEVICE_FAMILY = "1,2";
				TEST_HOST = "$(BUILT_PRODUCTS_DIR)/NanoChallenge2.app/NanoChallenge2";
			};
			name = Release;
		};
		B1B9038B233212F500D28236 /* Debug */ = {
			isa = XCBuildConfiguration;
			buildSettings = {
				ALWAYS_EMBED_SWIFT_STANDARD_LIBRARIES = YES;
				CODE_SIGN_STYLE = Automatic;
				DEVELOPMENT_TEAM = 8U4NGP5AAN;
				INFOPLIST_FILE = NanoChallenge2UITests/Info.plist;
				LD_RUNPATH_SEARCH_PATHS = (
					"$(inherited)",
					"@executable_path/Frameworks",
					"@loader_path/Frameworks",
				);
				PRODUCT_BUNDLE_IDENTIFIER = "Apple-Developer-Academy.NanoChallenge2UITests";
				PRODUCT_NAME = "$(TARGET_NAME)";
				SWIFT_VERSION = 5.0;
				TARGETED_DEVICE_FAMILY = "1,2";
				TEST_TARGET_NAME = NanoChallenge2;
			};
			name = Debug;
		};
		B1B9038C233212F500D28236 /* Release */ = {
			isa = XCBuildConfiguration;
			buildSettings = {
				ALWAYS_EMBED_SWIFT_STANDARD_LIBRARIES = YES;
				CODE_SIGN_STYLE = Automatic;
				DEVELOPMENT_TEAM = 8U4NGP5AAN;
				INFOPLIST_FILE = NanoChallenge2UITests/Info.plist;
				LD_RUNPATH_SEARCH_PATHS = (
					"$(inherited)",
					"@executable_path/Frameworks",
					"@loader_path/Frameworks",
				);
				PRODUCT_BUNDLE_IDENTIFIER = "Apple-Developer-Academy.NanoChallenge2UITests";
				PRODUCT_NAME = "$(TARGET_NAME)";
				SWIFT_VERSION = 5.0;
				TARGETED_DEVICE_FAMILY = "1,2";
				TEST_TARGET_NAME = NanoChallenge2;
			};
			name = Release;
		};
/* End XCBuildConfiguration section */

/* Begin XCConfigurationList section */
		B1B90357233212F400D28236 /* Build configuration list for PBXProject "NanoChallenge2" */ = {
			isa = XCConfigurationList;
			buildConfigurations = (
				B1B90382233212F500D28236 /* Debug */,
				B1B90383233212F500D28236 /* Release */,
			);
			defaultConfigurationIsVisible = 0;
			defaultConfigurationName = Release;
		};
		B1B90384233212F500D28236 /* Build configuration list for PBXNativeTarget "NanoChallenge2" */ = {
			isa = XCConfigurationList;
			buildConfigurations = (
				B1B90385233212F500D28236 /* Debug */,
				B1B90386233212F500D28236 /* Release */,
			);
			defaultConfigurationIsVisible = 0;
			defaultConfigurationName = Release;
		};
		B1B90387233212F500D28236 /* Build configuration list for PBXNativeTarget "NanoChallenge2Tests" */ = {
			isa = XCConfigurationList;
			buildConfigurations = (
				B1B90388233212F500D28236 /* Debug */,
				B1B90389233212F500D28236 /* Release */,
			);
			defaultConfigurationIsVisible = 0;
			defaultConfigurationName = Release;
		};
		B1B9038A233212F500D28236 /* Build configuration list for PBXNativeTarget "NanoChallenge2UITests" */ = {
			isa = XCConfigurationList;
			buildConfigurations = (
				B1B9038B233212F500D28236 /* Debug */,
				B1B9038C233212F500D28236 /* Release */,
			);
			defaultConfigurationIsVisible = 0;
			defaultConfigurationName = Release;
		};
/* End XCConfigurationList section */
	};
	rootObject = B1B90354233212F400D28236 /* Project object */;
}
